
Microsoft Visual Studio Solution File, Format Version 12.00
# Visual Studio 2012
Project("{FAE04EC0-301F-11D3-BF4B-00C04F79EFBC}") = "RadaCode.Tegenaria", "RadaCode.Tegenaria\RadaCode.Tegenaria.csproj", "{38BD6A8C-FF32-47E4-A5A2-52F3512E29F9}"
	ProjectSection(ProjectDependencies) = postProject
		{5719AFF9-B2CD-436A-9391-902D3FB420E3} = {5719AFF9-B2CD-436A-9391-902D3FB420E3}
	EndProjectSection
EndProject
Project("{FAE04EC0-301F-11D3-BF4B-00C04F79EFBC}") = "RadaCode.Tegenaria.Core", "RadaCode.Tegenaria.Core\RadaCode.Tegenaria.Core.csproj", "{5719AFF9-B2CD-436A-9391-902D3FB420E3}"
EndProject
Global
	GlobalSection(SolutionConfigurationPlatforms) = preSolution
		Debug|Any CPU = Debug|Any CPU
		Release|Any CPU = Release|Any CPU
	EndGlobalSection
	GlobalSection(ProjectConfigurationPlatforms) = postSolution
		{38BD6A8C-FF32-47E4-A5A2-52F3512E29F9}.Debug|Any CPU.ActiveCfg = Debug|Any CPU
		{38BD6A8C-FF32-47E4-A5A2-52F3512E29F9}.Debug|Any CPU.Build.0 = Debug|Any CPU
		{38BD6A8C-FF32-47E4-A5A2-52F3512E29F9}.Release|Any CPU.ActiveCfg = Release|Any CPU
		{38BD6A8C-FF32-47E4-A5A2-52F3512E29F9}.Release|Any CPU.Build.0 = Release|Any CPU
		{5719AFF9-B2CD-436A-9391-902D3FB420E3}.Debug|Any CPU.ActiveCfg = Debug|Any CPU
		{5719AFF9-B2CD-436A-9391-902D3FB420E3}.Debug|Any CPU.Build.0 = Debug|Any CPU
		{5719AFF9-B2CD-436A-9391-902D3FB420E3}.Release|Any CPU.ActiveCfg = Release|Any CPU
		{5719AFF9-B2CD-436A-9391-902D3FB420E3}.Release|Any CPU.Build.0 = Release|Any CPU
	EndGlobalSection
	GlobalSection(SolutionProperties) = preSolution
		HideSolutionNode = FALSE
	EndGlobalSection
EndGlobal
